// !$*UTF8*$!
{
	archiveVersion = 1;
	classes = {
	};
	objectVersion = 51;
	objects = {

/* Begin PBXBuildFile section */
		6B3CF97F26438C0100B643C4 /* CameraViewController.swift in Sources */ = {isa = PBXBuildFile; fileRef = 6B3CF97E26438C0100B643C4 /* CameraViewController.swift */; };
		6B3CF981264393DA00B643C4 /* PostTableViewCell.swift in Sources */ = {isa = PBXBuildFile; fileRef = 6B3CF980264393DA00B643C4 /* PostTableViewCell.swift */; };
		6B6AE2BE264381990033FED1 /* AppDelegate.swift in Sources */ = {isa = PBXBuildFile; fileRef = 6B6AE2BD264381990033FED1 /* AppDelegate.swift */; };
		6B6AE2C0264381990033FED1 /* SceneDelegate.swift in Sources */ = {isa = PBXBuildFile; fileRef = 6B6AE2BF264381990033FED1 /* SceneDelegate.swift */; };
		6B6AE2C5264381990033FED1 /* Main.storyboard in Resources */ = {isa = PBXBuildFile; fileRef = 6B6AE2C3264381990033FED1 /* Main.storyboard */; };
		6B6AE2C72643819C0033FED1 /* Assets.xcassets in Resources */ = {isa = PBXBuildFile; fileRef = 6B6AE2C62643819C0033FED1 /* Assets.xcassets */; };
		6B6AE2CA2643819C0033FED1 /* LaunchScreen.storyboard in Resources */ = {isa = PBXBuildFile; fileRef = 6B6AE2C82643819C0033FED1 /* LaunchScreen.storyboard */; };
		6B6AE2D52643819C0033FED1 /* ParstagramTests.swift in Sources */ = {isa = PBXBuildFile; fileRef = 6B6AE2D42643819C0033FED1 /* ParstagramTests.swift */; };
		6B6AE2E02643819C0033FED1 /* ParstagramUITests.swift in Sources */ = {isa = PBXBuildFile; fileRef = 6B6AE2DF2643819C0033FED1 /* ParstagramUITests.swift */; };
		6B6AE2EE2643849E0033FED1 /* LoginViewController.swift in Sources */ = {isa = PBXBuildFile; fileRef = 6B6AE2ED2643849E0033FED1 /* LoginViewController.swift */; };
		6B6AE2F0264384AE0033FED1 /* FeedViewController.swift in Sources */ = {isa = PBXBuildFile; fileRef = 6B6AE2EF264384AE0033FED1 /* FeedViewController.swift */; };
		7F99F4337E0CB7F40E7E466C /* Pods_Parstagram.framework in Frameworks */ = {isa = PBXBuildFile; fileRef = 754DC34003073F9BA4EACC86 /* Pods_Parstagram.framework */; };
		8CF806C495806B80D6CBA972 /* Pods_Parstagram_ParstagramUITests.framework in Frameworks */ = {isa = PBXBuildFile; fileRef = 349EA2D85E049B4C1D8DE789 /* Pods_Parstagram_ParstagramUITests.framework */; };
		A8D2ECD1C2A6A93D187635BE /* Pods_ParstagramTests.framework in Frameworks */ = {isa = PBXBuildFile; fileRef = 96DB3C4435114973E6F493EA /* Pods_ParstagramTests.framework */; };
/* End PBXBuildFile section */

/* Begin PBXContainerItemProxy section */
		6B6AE2D12643819C0033FED1 /* PBXContainerItemProxy */ = {
			isa = PBXContainerItemProxy;
			containerPortal = 6B6AE2B2264381990033FED1 /* Project object */;
			proxyType = 1;
			remoteGlobalIDString = 6B6AE2B9264381990033FED1;
			remoteInfo = Parstagram;
		};
		6B6AE2DC2643819C0033FED1 /* PBXContainerItemProxy */ = {
			isa = PBXContainerItemProxy;
			containerPortal = 6B6AE2B2264381990033FED1 /* Project object */;
			proxyType = 1;
			remoteGlobalIDString = 6B6AE2B9264381990033FED1;
			remoteInfo = Parstagram;
		};
/* End PBXContainerItemProxy section */

/* Begin PBXFileReference section */
		168C6B8CF2C9C2EF008A5CFC /* Pods-Parstagram.release.xcconfig */ = {isa = PBXFileReference; includeInIndex = 1; lastKnownFileType = text.xcconfig; name = "Pods-Parstagram.release.xcconfig"; path = "Target Support Files/Pods-Parstagram/Pods-Parstagram.release.xcconfig"; sourceTree = "<group>"; };
		349EA2D85E049B4C1D8DE789 /* Pods_Parstagram_ParstagramUITests.framework */ = {isa = PBXFileReference; explicitFileType = wrapper.framework; includeInIndex = 0; path = Pods_Parstagram_ParstagramUITests.framework; sourceTree = BUILT_PRODUCTS_DIR; };
		56572262631F4A73399B314A /* Pods-ParstagramTests.release.xcconfig */ = {isa = PBXFileReference; includeInIndex = 1; lastKnownFileType = text.xcconfig; name = "Pods-ParstagramTests.release.xcconfig"; path = "Target Support Files/Pods-ParstagramTests/Pods-ParstagramTests.release.xcconfig"; sourceTree = "<group>"; };
		5A4727EBC658B774B2BF42A2 /* Pods-Parstagram-ParstagramUITests.release.xcconfig */ = {isa = PBXFileReference; includeInIndex = 1; lastKnownFileType = text.xcconfig; name = "Pods-Parstagram-ParstagramUITests.release.xcconfig"; path = "Target Support Files/Pods-Parstagram-ParstagramUITests/Pods-Parstagram-ParstagramUITests.release.xcconfig"; sourceTree = "<group>"; };
		60CB5E9B4EF5D798F4BEB165 /* Pods-Parstagram-ParstagramUITests.debug.xcconfig */ = {isa = PBXFileReference; includeInIndex = 1; lastKnownFileType = text.xcconfig; name = "Pods-Parstagram-ParstagramUITests.debug.xcconfig"; path = "Target Support Files/Pods-Parstagram-ParstagramUITests/Pods-Parstagram-ParstagramUITests.debug.xcconfig"; sourceTree = "<group>"; };
		6B3CF97E26438C0100B643C4 /* CameraViewController.swift */ = {isa = PBXFileReference; lastKnownFileType = sourcecode.swift; path = CameraViewController.swift; sourceTree = "<group>"; };
		6B3CF980264393DA00B643C4 /* PostTableViewCell.swift */ = {isa = PBXFileReference; lastKnownFileType = sourcecode.swift; path = PostTableViewCell.swift; sourceTree = "<group>"; };
		6B6AE2BA264381990033FED1 /* Parstagram.app */ = {isa = PBXFileReference; explicitFileType = wrapper.application; includeInIndex = 0; path = Parstagram.app; sourceTree = BUILT_PRODUCTS_DIR; };
		6B6AE2BD264381990033FED1 /* AppDelegate.swift */ = {isa = PBXFileReference; lastKnownFileType = sourcecode.swift; path = AppDelegate.swift; sourceTree = "<group>"; };
		6B6AE2BF264381990033FED1 /* SceneDelegate.swift */ = {isa = PBXFileReference; lastKnownFileType = sourcecode.swift; path = SceneDelegate.swift; sourceTree = "<group>"; };
		6B6AE2C4264381990033FED1 /* Base */ = {isa = PBXFileReference; lastKnownFileType = file.storyboard; name = Base; path = Base.lproj/Main.storyboard; sourceTree = "<group>"; };
		6B6AE2C62643819C0033FED1 /* Assets.xcassets */ = {isa = PBXFileReference; lastKnownFileType = folder.assetcatalog; path = Assets.xcassets; sourceTree = "<group>"; };
		6B6AE2C92643819C0033FED1 /* Base */ = {isa = PBXFileReference; lastKnownFileType = file.storyboard; name = Base; path = Base.lproj/LaunchScreen.storyboard; sourceTree = "<group>"; };
		6B6AE2CB2643819C0033FED1 /* Info.plist */ = {isa = PBXFileReference; lastKnownFileType = text.plist.xml; path = Info.plist; sourceTree = "<group>"; };
		6B6AE2D02643819C0033FED1 /* ParstagramTests.xctest */ = {isa = PBXFileReference; explicitFileType = wrapper.cfbundle; includeInIndex = 0; path = ParstagramTests.xctest; sourceTree = BUILT_PRODUCTS_DIR; };
		6B6AE2D42643819C0033FED1 /* ParstagramTests.swift */ = {isa = PBXFileReference; lastKnownFileType = sourcecode.swift; path = ParstagramTests.swift; sourceTree = "<group>"; };
		6B6AE2D62643819C0033FED1 /* Info.plist */ = {isa = PBXFileReference; lastKnownFileType = text.plist.xml; path = Info.plist; sourceTree = "<group>"; };
		6B6AE2DB2643819C0033FED1 /* ParstagramUITests.xctest */ = {isa = PBXFileReference; explicitFileType = wrapper.cfbundle; includeInIndex = 0; path = ParstagramUITests.xctest; sourceTree = BUILT_PRODUCTS_DIR; };
		6B6AE2DF2643819C0033FED1 /* ParstagramUITests.swift */ = {isa = PBXFileReference; lastKnownFileType = sourcecode.swift; path = ParstagramUITests.swift; sourceTree = "<group>"; };
		6B6AE2E12643819C0033FED1 /* Info.plist */ = {isa = PBXFileReference; lastKnownFileType = text.plist.xml; path = Info.plist; sourceTree = "<group>"; };
		6B6AE2ED2643849E0033FED1 /* LoginViewController.swift */ = {isa = PBXFileReference; lastKnownFileType = sourcecode.swift; path = LoginViewController.swift; sourceTree = "<group>"; };
		6B6AE2EF264384AE0033FED1 /* FeedViewController.swift */ = {isa = PBXFileReference; lastKnownFileType = sourcecode.swift; path = FeedViewController.swift; sourceTree = "<group>"; };
		754DC34003073F9BA4EACC86 /* Pods_Parstagram.framework */ = {isa = PBXFileReference; explicitFileType = wrapper.framework; includeInIndex = 0; path = Pods_Parstagram.framework; sourceTree = BUILT_PRODUCTS_DIR; };
		81FE10A27C14D93982F650C0 /* Pods-Parstagram.debug.xcconfig */ = {isa = PBXFileReference; includeInIndex = 1; lastKnownFileType = text.xcconfig; name = "Pods-Parstagram.debug.xcconfig"; path = "Target Support Files/Pods-Parstagram/Pods-Parstagram.debug.xcconfig"; sourceTree = "<group>"; };
		8598CEA235E9B38044C5B2BA /* Pods-ParstagramTests.debug.xcconfig */ = {isa = PBXFileReference; includeInIndex = 1; lastKnownFileType = text.xcconfig; name = "Pods-ParstagramTests.debug.xcconfig"; path = "Target Support Files/Pods-ParstagramTests/Pods-ParstagramTests.debug.xcconfig"; sourceTree = "<group>"; };
		96DB3C4435114973E6F493EA /* Pods_ParstagramTests.framework */ = {isa = PBXFileReference; explicitFileType = wrapper.framework; includeInIndex = 0; path = Pods_ParstagramTests.framework; sourceTree = BUILT_PRODUCTS_DIR; };
/* End PBXFileReference section */

/* Begin PBXFrameworksBuildPhase section */
		6B6AE2B7264381990033FED1 /* Frameworks */ = {
			isa = PBXFrameworksBuildPhase;
			buildActionMask = 2147483647;
			files = (
				7F99F4337E0CB7F40E7E466C /* Pods_Parstagram.framework in Frameworks */,
			);
			runOnlyForDeploymentPostprocessing = 0;
		};
		6B6AE2CD2643819C0033FED1 /* Frameworks */ = {
			isa = PBXFrameworksBuildPhase;
			buildActionMask = 2147483647;
			files = (
				A8D2ECD1C2A6A93D187635BE /* Pods_ParstagramTests.framework in Frameworks */,
			);
			runOnlyForDeploymentPostprocessing = 0;
		};
		6B6AE2D82643819C0033FED1 /* Frameworks */ = {
			isa = PBXFrameworksBuildPhase;
			buildActionMask = 2147483647;
			files = (
				8CF806C495806B80D6CBA972 /* Pods_Parstagram_ParstagramUITests.framework in Frameworks */,
			);
			runOnlyForDeploymentPostprocessing = 0;
		};
/* End PBXFrameworksBuildPhase section */

/* Begin PBXGroup section */
		6B6AE2B1264381990033FED1 = {
			isa = PBXGroup;
			children = (
				6B6AE2BC264381990033FED1 /* Parstagram */,
				6B6AE2D32643819C0033FED1 /* ParstagramTests */,
				6B6AE2DE2643819C0033FED1 /* ParstagramUITests */,
				6B6AE2BB264381990033FED1 /* Products */,
				DC5F3784A8B5D874AE7540F0 /* Pods */,
				9FD9F3869BC119C4F25FFF2E /* Frameworks */,
			);
			sourceTree = "<group>";
		};
		6B6AE2BB264381990033FED1 /* Products */ = {
			isa = PBXGroup;
			children = (
				6B6AE2BA264381990033FED1 /* Parstagram.app */,
				6B6AE2D02643819C0033FED1 /* ParstagramTests.xctest */,
				6B6AE2DB2643819C0033FED1 /* ParstagramUITests.xctest */,
			);
			name = Products;
			sourceTree = "<group>";
		};
		6B6AE2BC264381990033FED1 /* Parstagram */ = {
			isa = PBXGroup;
			children = (
				6B6AE2BD264381990033FED1 /* AppDelegate.swift */,
				6B6AE2BF264381990033FED1 /* SceneDelegate.swift */,
				6B6AE2C3264381990033FED1 /* Main.storyboard */,
				6B6AE2C62643819C0033FED1 /* Assets.xcassets */,
				6B6AE2C82643819C0033FED1 /* LaunchScreen.storyboard */,
				6B6AE2CB2643819C0033FED1 /* Info.plist */,
				6B6AE2ED2643849E0033FED1 /* LoginViewController.swift */,
				6B6AE2EF264384AE0033FED1 /* FeedViewController.swift */,
				6B3CF97E26438C0100B643C4 /* CameraViewController.swift */,
				6B3CF980264393DA00B643C4 /* PostTableViewCell.swift */,
			);
			path = Parstagram;
			sourceTree = "<group>";
		};
		6B6AE2D32643819C0033FED1 /* ParstagramTests */ = {
			isa = PBXGroup;
			children = (
				6B6AE2D42643819C0033FED1 /* ParstagramTests.swift */,
				6B6AE2D62643819C0033FED1 /* Info.plist */,
			);
			path = ParstagramTests;
			sourceTree = "<group>";
		};
		6B6AE2DE2643819C0033FED1 /* ParstagramUITests */ = {
			isa = PBXGroup;
			children = (
				6B6AE2DF2643819C0033FED1 /* ParstagramUITests.swift */,
				6B6AE2E12643819C0033FED1 /* Info.plist */,
			);
			path = ParstagramUITests;
			sourceTree = "<group>";
		};
		9FD9F3869BC119C4F25FFF2E /* Frameworks */ = {
			isa = PBXGroup;
			children = (
				754DC34003073F9BA4EACC86 /* Pods_Parstagram.framework */,
				349EA2D85E049B4C1D8DE789 /* Pods_Parstagram_ParstagramUITests.framework */,
				96DB3C4435114973E6F493EA /* Pods_ParstagramTests.framework */,
			);
			name = Frameworks;
			sourceTree = "<group>";
		};
		DC5F3784A8B5D874AE7540F0 /* Pods */ = {
			isa = PBXGroup;
			children = (
				81FE10A27C14D93982F650C0 /* Pods-Parstagram.debug.xcconfig */,
				168C6B8CF2C9C2EF008A5CFC /* Pods-Parstagram.release.xcconfig */,
				60CB5E9B4EF5D798F4BEB165 /* Pods-Parstagram-ParstagramUITests.debug.xcconfig */,
				5A4727EBC658B774B2BF42A2 /* Pods-Parstagram-ParstagramUITests.release.xcconfig */,
				8598CEA235E9B38044C5B2BA /* Pods-ParstagramTests.debug.xcconfig */,
				56572262631F4A73399B314A /* Pods-ParstagramTests.release.xcconfig */,
			);
			path = Pods;
			sourceTree = "<group>";
		};
/* End PBXGroup section */

/* Begin PBXNativeTarget section */
		6B6AE2B9264381990033FED1 /* Parstagram */ = {
			isa = PBXNativeTarget;
			buildConfigurationList = 6B6AE2E42643819C0033FED1 /* Build configuration list for PBXNativeTarget "Parstagram" */;
			buildPhases = (
				E6248056DFE4F1AFF9230296 /* [CP] Check Pods Manifest.lock */,
				6B6AE2B6264381990033FED1 /* Sources */,
				6B6AE2B7264381990033FED1 /* Frameworks */,
				6B6AE2B8264381990033FED1 /* Resources */,
				D87AF415FBFA83298AB8CBC6 /* [CP] Embed Pods Frameworks */,
			);
			buildRules = (
			);
			dependencies = (
			);
			name = Parstagram;
			productName = Parstagram;
			productReference = 6B6AE2BA264381990033FED1 /* Parstagram.app */;
			productType = "com.apple.product-type.application";
		};
		6B6AE2CF2643819C0033FED1 /* ParstagramTests */ = {
			isa = PBXNativeTarget;
			buildConfigurationList = 6B6AE2E72643819C0033FED1 /* Build configuration list for PBXNativeTarget "ParstagramTests" */;
			buildPhases = (
				8A6F4C823B9EB39C0373BCC9 /* [CP] Check Pods Manifest.lock */,
				6B6AE2CC2643819C0033FED1 /* Sources */,
				6B6AE2CD2643819C0033FED1 /* Frameworks */,
				6B6AE2CE2643819C0033FED1 /* Resources */,
			);
			buildRules = (
			);
			dependencies = (
				6B6AE2D22643819C0033FED1 /* PBXTargetDependency */,
			);
			name = ParstagramTests;
			productName = ParstagramTests;
			productReference = 6B6AE2D02643819C0033FED1 /* ParstagramTests.xctest */;
			productType = "com.apple.product-type.bundle.unit-test";
		};
		6B6AE2DA2643819C0033FED1 /* ParstagramUITests */ = {
			isa = PBXNativeTarget;
			buildConfigurationList = 6B6AE2EA2643819C0033FED1 /* Build configuration list for PBXNativeTarget "ParstagramUITests" */;
			buildPhases = (
				51B85EDB3C3C758840D90C0F /* [CP] Check Pods Manifest.lock */,
				6B6AE2D72643819C0033FED1 /* Sources */,
				6B6AE2D82643819C0033FED1 /* Frameworks */,
				6B6AE2D92643819C0033FED1 /* Resources */,
				A95B7A5CB74DF8419BF8F013 /* [CP] Embed Pods Frameworks */,
			);
			buildRules = (
			);
			dependencies = (
				6B6AE2DD2643819C0033FED1 /* PBXTargetDependency */,
			);
			name = ParstagramUITests;
			productName = ParstagramUITests;
			productReference = 6B6AE2DB2643819C0033FED1 /* ParstagramUITests.xctest */;
			productType = "com.apple.product-type.bundle.ui-testing";
		};
/* End PBXNativeTarget section */

/* Begin PBXProject section */
		6B6AE2B2264381990033FED1 /* Project object */ = {
			isa = PBXProject;
			attributes = {
				LastSwiftUpdateCheck = 1250;
				LastUpgradeCheck = 1250;
				TargetAttributes = {
					6B6AE2B9264381990033FED1 = {
						CreatedOnToolsVersion = 12.5;
					};
					6B6AE2CF2643819C0033FED1 = {
						CreatedOnToolsVersion = 12.5;
						TestTargetID = 6B6AE2B9264381990033FED1;
					};
					6B6AE2DA2643819C0033FED1 = {
						CreatedOnToolsVersion = 12.5;
						TestTargetID = 6B6AE2B9264381990033FED1;
					};
				};
			};
			buildConfigurationList = 6B6AE2B5264381990033FED1 /* Build configuration list for PBXProject "Parstagram" */;
			compatibilityVersion = "Xcode 9.3";
			developmentRegion = en;
			hasScannedForEncodings = 0;
			knownRegions = (
				en,
				Base,
			);
			mainGroup = 6B6AE2B1264381990033FED1;
			productRefGroup = 6B6AE2BB264381990033FED1 /* Products */;
			projectDirPath = "";
			projectRoot = "";
			targets = (
				6B6AE2B9264381990033FED1 /* Parstagram */,
				6B6AE2CF2643819C0033FED1 /* ParstagramTests */,
				6B6AE2DA2643819C0033FED1 /* ParstagramUITests */,
			);
		};
/* End PBXProject section */

/* Begin PBXResourcesBuildPhase section */
		6B6AE2B8264381990033FED1 /* Resources */ = {
			isa = PBXResourcesBuildPhase;
			buildActionMask = 2147483647;
			files = (
				6B6AE2CA2643819C0033FED1 /* LaunchScreen.storyboard in Resources */,
				6B6AE2C72643819C0033FED1 /* Assets.xcassets in Resources */,
				6B6AE2C5264381990033FED1 /* Main.storyboard in Resources */,
			);
			runOnlyForDeploymentPostprocessing = 0;
		};
		6B6AE2CE2643819C0033FED1 /* Resources */ = {
			isa = PBXResourcesBuildPhase;
			buildActionMask = 2147483647;
			files = (
			);
			runOnlyForDeploymentPostprocessing = 0;
		};
		6B6AE2D92643819C0033FED1 /* Resources */ = {
			isa = PBXResourcesBuildPhase;
			buildActionMask = 2147483647;
			files = (
			);
			runOnlyForDeploymentPostprocessing = 0;
		};
/* End PBXResourcesBuildPhase section */

/* Begin PBXShellScriptBuildPhase section */
		51B85EDB3C3C758840D90C0F /* [CP] Check Pods Manifest.lock */ = {
			isa = PBXShellScriptBuildPhase;
			buildActionMask = 2147483647;
			files = (
			);
			inputFileListPaths = (
			);
			inputPaths = (
				"${PODS_PODFILE_DIR_PATH}/Podfile.lock",
				"${PODS_ROOT}/Manifest.lock",
			);
			name = "[CP] Check Pods Manifest.lock";
			outputFileListPaths = (
			);
			outputPaths = (
				"$(DERIVED_FILE_DIR)/Pods-Parstagram-ParstagramUITests-checkManifestLockResult.txt",
			);
			runOnlyForDeploymentPostprocessing = 0;
			shellPath = /bin/sh;
			shellScript = "diff \"${PODS_PODFILE_DIR_PATH}/Podfile.lock\" \"${PODS_ROOT}/Manifest.lock\" > /dev/null\nif [ $? != 0 ] ; then\n    # print error to STDERR\n    echo \"error: The sandbox is not in sync with the Podfile.lock. Run 'pod install' or update your CocoaPods installation.\" >&2\n    exit 1\nfi\n# This output is used by Xcode 'outputs' to avoid re-running this script phase.\necho \"SUCCESS\" > \"${SCRIPT_OUTPUT_FILE_0}\"\n";
			showEnvVarsInLog = 0;
		};
		8A6F4C823B9EB39C0373BCC9 /* [CP] Check Pods Manifest.lock */ = {
			isa = PBXShellScriptBuildPhase;
			buildActionMask = 2147483647;
			files = (
			);
			inputFileListPaths = (
			);
			inputPaths = (
				"${PODS_PODFILE_DIR_PATH}/Podfile.lock",
				"${PODS_ROOT}/Manifest.lock",
			);
			name = "[CP] Check Pods Manifest.lock";
			outputFileListPaths = (
			);
			outputPaths = (
				"$(DERIVED_FILE_DIR)/Pods-ParstagramTests-checkManifestLockResult.txt",
			);
			runOnlyForDeploymentPostprocessing = 0;
			shellPath = /bin/sh;
			shellScript = "diff \"${PODS_PODFILE_DIR_PATH}/Podfile.lock\" \"${PODS_ROOT}/Manifest.lock\" > /dev/null\nif [ $? != 0 ] ; then\n    # print error to STDERR\n    echo \"error: The sandbox is not in sync with the Podfile.lock. Run 'pod install' or update your CocoaPods installation.\" >&2\n    exit 1\nfi\n# This output is used by Xcode 'outputs' to avoid re-running this script phase.\necho \"SUCCESS\" > \"${SCRIPT_OUTPUT_FILE_0}\"\n";
			showEnvVarsInLog = 0;
		};
		A95B7A5CB74DF8419BF8F013 /* [CP] Embed Pods Frameworks */ = {
			isa = PBXShellScriptBuildPhase;
			buildActionMask = 2147483647;
			files = (
			);
			inputFileListPaths = (
				"${PODS_ROOT}/Target Support Files/Pods-Parstagram-ParstagramUITests/Pods-Parstagram-ParstagramUITests-frameworks-${CONFIGURATION}-input-files.xcfilelist",
			);
			name = "[CP] Embed Pods Frameworks";
			outputFileListPaths = (
				"${PODS_ROOT}/Target Support Files/Pods-Parstagram-ParstagramUITests/Pods-Parstagram-ParstagramUITests-frameworks-${CONFIGURATION}-output-files.xcfilelist",
			);
			runOnlyForDeploymentPostprocessing = 0;
			shellPath = /bin/sh;
			shellScript = "\"${PODS_ROOT}/Target Support Files/Pods-Parstagram-ParstagramUITests/Pods-Parstagram-ParstagramUITests-frameworks.sh\"\n";
			showEnvVarsInLog = 0;
		};
		D87AF415FBFA83298AB8CBC6 /* [CP] Embed Pods Frameworks */ = {
			isa = PBXShellScriptBuildPhase;
			buildActionMask = 2147483647;
			files = (
			);
			inputFileListPaths = (
				"${PODS_ROOT}/Target Support Files/Pods-Parstagram/Pods-Parstagram-frameworks-${CONFIGURATION}-input-files.xcfilelist",
			);
			name = "[CP] Embed Pods Frameworks";
			outputFileListPaths = (
				"${PODS_ROOT}/Target Support Files/Pods-Parstagram/Pods-Parstagram-frameworks-${CONFIGURATION}-output-files.xcfilelist",
			);
			runOnlyForDeploymentPostprocessing = 0;
			shellPath = /bin/sh;
			shellScript = "\"${PODS_ROOT}/Target Support Files/Pods-Parstagram/Pods-Parstagram-frameworks.sh\"\n";
			showEnvVarsInLog = 0;
		};
		E6248056DFE4F1AFF9230296 /* [CP] Check Pods Manifest.lock */ = {
			isa = PBXShellScriptBuildPhase;
			buildActionMask = 2147483647;
			files = (
			);
			inputFileListPaths = (
			);
			inputPaths = (
				"${PODS_PODFILE_DIR_PATH}/Podfile.lock",
				"${PODS_ROOT}/Manifest.lock",
			);
			name = "[CP] Check Pods Manifest.lock";
			outputFileListPaths = (
			);
			outputPaths = (
				"$(DERIVED_FILE_DIR)/Pods-Parstagram-checkManifestLockResult.txt",
			);
			runOnlyForDeploymentPostprocessing = 0;
			shellPath = /bin/sh;
			shellScript = "diff \"${PODS_PODFILE_DIR_PATH}/Podfile.lock\" \"${PODS_ROOT}/Manifest.lock\" > /dev/null\nif [ $? != 0 ] ; then\n    # print error to STDERR\n    echo \"error: The sandbox is not in sync with the Podfile.lock. Run 'pod install' or update your CocoaPods installation.\" >&2\n    exit 1\nfi\n# This output is used by Xcode 'outputs' to avoid re-running this script phase.\necho \"SUCCESS\" > \"${SCRIPT_OUTPUT_FILE_0}\"\n";
			showEnvVarsInLog = 0;
		};
/* End PBXShellScriptBuildPhase section */

/* Begin PBXSourcesBuildPhase section */
		6B6AE2B6264381990033FED1 /* Sources */ = {
			isa = PBXSourcesBuildPhase;
			buildActionMask = 2147483647;
			files = (
				6B6AE2EE2643849E0033FED1 /* LoginViewController.swift in Sources */,
				6B3CF97F26438C0100B643C4 /* CameraViewController.swift in Sources */,
				6B6AE2BE264381990033FED1 /* AppDelegate.swift in Sources */,
				6B6AE2F0264384AE0033FED1 /* FeedViewController.swift in Sources */,
				6B6AE2C0264381990033FED1 /* SceneDelegate.swift in Sources */,
				6B3CF981264393DA00B643C4 /* PostTableViewCell.swift in Sources */,
			);
			runOnlyForDeploymentPostprocessing = 0;
		};
		6B6AE2CC2643819C0033FED1 /* Sources */ = {
			isa = PBXSourcesBuildPhase;
			buildActionMask = 2147483647;
			files = (
				6B6AE2D52643819C0033FED1 /* ParstagramTests.swift in Sources */,
			);
			runOnlyForDeploymentPostprocessing = 0;
		};
		6B6AE2D72643819C0033FED1 /* Sources */ = {
			isa = PBXSourcesBuildPhase;
			buildActionMask = 2147483647;
			files = (
				6B6AE2E02643819C0033FED1 /* ParstagramUITests.swift in Sources */,
			);
			runOnlyForDeploymentPostprocessing = 0;
		};
/* End PBXSourcesBuildPhase section */

/* Begin PBXTargetDependency section */
		6B6AE2D22643819C0033FED1 /* PBXTargetDependency */ = {
			isa = PBXTargetDependency;
			target = 6B6AE2B9264381990033FED1 /* Parstagram */;
			targetProxy = 6B6AE2D12643819C0033FED1 /* PBXContainerItemProxy */;
		};
		6B6AE2DD2643819C0033FED1 /* PBXTargetDependency */ = {
			isa = PBXTargetDependency;
			target = 6B6AE2B9264381990033FED1 /* Parstagram */;
			targetProxy = 6B6AE2DC2643819C0033FED1 /* PBXContainerItemProxy */;
		};
/* End PBXTargetDependency section */

/* Begin PBXVariantGroup section */
		6B6AE2C3264381990033FED1 /* Main.storyboard */ = {
			isa = PBXVariantGroup;
			children = (
				6B6AE2C4264381990033FED1 /* Base */,
			);
			name = Main.storyboard;
			sourceTree = "<group>";
		};
		6B6AE2C82643819C0033FED1 /* LaunchScreen.storyboard */ = {
			isa = PBXVariantGroup;
			children = (
				6B6AE2C92643819C0033FED1 /* Base */,
			);
			name = LaunchScreen.storyboard;
			sourceTree = "<group>";
		};
/* End PBXVariantGroup section */

/* Begin XCBuildConfiguration section */
		6B6AE2E22643819C0033FED1 /* Debug */ = {
			isa = XCBuildConfiguration;
			buildSettings = {
				ALWAYS_SEARCH_USER_PATHS = NO;
				CLANG_ANALYZER_NONNULL = YES;
				CLANG_ANALYZER_NUMBER_OBJECT_CONVERSION = YES_AGGRESSIVE;
				CLANG_CXX_LANGUAGE_STANDARD = "gnu++14";
				CLANG_CXX_LIBRARY = "libc++";
				CLANG_ENABLE_MODULES = YES;
				CLANG_ENABLE_OBJC_ARC = YES;
				CLANG_ENABLE_OBJC_WEAK = YES;
				CLANG_WARN_BLOCK_CAPTURE_AUTORELEASING = YES;
				CLANG_WARN_BOOL_CONVERSION = YES;
				CLANG_WARN_COMMA = YES;
				CLANG_WARN_CONSTANT_CONVERSION = YES;
				CLANG_WARN_DEPRECATED_OBJC_IMPLEMENTATIONS = YES;
				CLANG_WARN_DIRECT_OBJC_ISA_USAGE = YES_ERROR;
				CLANG_WARN_DOCUMENTATION_COMMENTS = YES;
				CLANG_WARN_EMPTY_BODY = YES;
				CLANG_WARN_ENUM_CONVERSION = YES;
				CLANG_WARN_INFINITE_RECURSION = YES;
				CLANG_WARN_INT_CONVERSION = YES;
				CLANG_WARN_NON_LITERAL_NULL_CONVERSION = YES;
				CLANG_WARN_OBJC_IMPLICIT_RETAIN_SELF = YES;
				CLANG_WARN_OBJC_LITERAL_CONVERSION = YES;
				CLANG_WARN_OBJC_ROOT_CLASS = YES_ERROR;
				CLANG_WARN_QUOTED_INCLUDE_IN_FRAMEWORK_HEADER = YES;
				CLANG_WARN_RANGE_LOOP_ANALYSIS = YES;
				CLANG_WARN_STRICT_PROTOTYPES = YES;
				CLANG_WARN_SUSPICIOUS_MOVE = YES;
				CLANG_WARN_UNGUARDED_AVAILABILITY = YES_AGGRESSIVE;
				CLANG_WARN_UNREACHABLE_CODE = YES;
				CLANG_WARN__DUPLICATE_METHOD_MATCH = YES;
				COPY_PHASE_STRIP = NO;
				DEBUG_INFORMATION_FORMAT = dwarf;
				ENABLE_STRICT_OBJC_MSGSEND = YES;
				ENABLE_TESTABILITY = YES;
				GCC_C_LANGUAGE_STANDARD = gnu11;
				GCC_DYNAMIC_NO_PIC = NO;
				GCC_NO_COMMON_BLOCKS = YES;
				GCC_OPTIMIZATION_LEVEL = 0;
				GCC_PREPROCESSOR_DEFINITIONS = (
					"DEBUG=1",
					"$(inherited)",
				);
				GCC_WARN_64_TO_32_BIT_CONVERSION = YES;
				GCC_WARN_ABOUT_RETURN_TYPE = YES_ERROR;
				GCC_WARN_UNDECLARED_SELECTOR = YES;
				GCC_WARN_UNINITIALIZED_AUTOS = YES_AGGRESSIVE;
				GCC_WARN_UNUSED_FUNCTION = YES;
				GCC_WARN_UNUSED_VARIABLE = YES;
				IPHONEOS_DEPLOYMENT_TARGET = 14.5;
				MTL_ENABLE_DEBUG_INFO = INCLUDE_SOURCE;
				MTL_FAST_MATH = YES;
				ONLY_ACTIVE_ARCH = YES;
				SDKROOT = iphoneos;
				SWIFT_ACTIVE_COMPILATION_CONDITIONS = DEBUG;
				SWIFT_OPTIMIZATION_LEVEL = "-Onone";
			};
			name = Debug;
		};
		6B6AE2E32643819C0033FED1 /* Release */ = {
			isa = XCBuildConfiguration;
			buildSettings = {
				ALWAYS_SEARCH_USER_PATHS = NO;
				CLANG_ANALYZER_NONNULL = YES;
				CLANG_ANALYZER_NUMBER_OBJECT_CONVERSION = YES_AGGRESSIVE;
				CLANG_CXX_LANGUAGE_STANDARD = "gnu++14";
				CLANG_CXX_LIBRARY = "libc++";
				CLANG_ENABLE_MODULES = YES;
				CLANG_ENABLE_OBJC_ARC = YES;
				CLANG_ENABLE_OBJC_WEAK = YES;
				CLANG_WARN_BLOCK_CAPTURE_AUTORELEASING = YES;
				CLANG_WARN_BOOL_CONVERSION = YES;
				CLANG_WARN_COMMA = YES;
				CLANG_WARN_CONSTANT_CONVERSION = YES;
				CLANG_WARN_DEPRECATED_OBJC_IMPLEMENTATIONS = YES;
				CLANG_WARN_DIRECT_OBJC_ISA_USAGE = YES_ERROR;
				CLANG_WARN_DOCUMENTATION_COMMENTS = YES;
				CLANG_WARN_EMPTY_BODY = YES;
				CLANG_WARN_ENUM_CONVERSION = YES;
				CLANG_WARN_INFINITE_RECURSION = YES;
				CLANG_WARN_INT_CONVERSION = YES;
				CLANG_WARN_NON_LITERAL_NULL_CONVERSION = YES;
				CLANG_WARN_OBJC_IMPLICIT_RETAIN_SELF = YES;
				CLANG_WARN_OBJC_LITERAL_CONVERSION = YES;
				CLANG_WARN_OBJC_ROOT_CLASS = YES_ERROR;
				CLANG_WARN_QUOTED_INCLUDE_IN_FRAMEWORK_HEADER = YES;
				CLANG_WARN_RANGE_LOOP_ANALYSIS = YES;
				CLANG_WARN_STRICT_PROTOTYPES = YES;
				CLANG_WARN_SUSPICIOUS_MOVE = YES;
				CLANG_WARN_UNGUARDED_AVAILABILITY = YES_AGGRESSIVE;
				CLANG_WARN_UNREACHABLE_CODE = YES;
				CLANG_WARN__DUPLICATE_METHOD_MATCH = YES;
				COPY_PHASE_STRIP = NO;
				DEBUG_INFORMATION_FORMAT = "dwarf-with-dsym";
				ENABLE_NS_ASSERTIONS = NO;
				ENABLE_STRICT_OBJC_MSGSEND = YES;
				GCC_C_LANGUAGE_STANDARD = gnu11;
				GCC_NO_COMMON_BLOCKS = YES;
				GCC_WARN_64_TO_32_BIT_CONVERSION = YES;
				GCC_WARN_ABOUT_RETURN_TYPE = YES_ERROR;
				GCC_WARN_UNDECLARED_SELECTOR = YES;
				GCC_WARN_UNINITIALIZED_AUTOS = YES_AGGRESSIVE;
				GCC_WARN_UNUSED_FUNCTION = YES;
				GCC_WARN_UNUSED_VARIABLE = YES;
				IPHONEOS_DEPLOYMENT_TARGET = 14.5;
				MTL_ENABLE_DEBUG_INFO = NO;
				MTL_FAST_MATH = YES;
				SDKROOT = iphoneos;
				SWIFT_COMPILATION_MODE = wholemodule;
				SWIFT_OPTIMIZATION_LEVEL = "-O";
				VALIDATE_PRODUCT = YES;
			};
			name = Release;
		};
		6B6AE2E52643819C0033FED1 /* Debug */ = {
			isa = XCBuildConfiguration;
			baseConfigurationReference = 81FE10A27C14D93982F650C0 /* Pods-Parstagram.debug.xcconfig */;
			buildSettings = {
				ASSETCATALOG_COMPILER_APPICON_NAME = AppIcon;
				ASSETCATALOG_COMPILER_GLOBAL_ACCENT_COLOR_NAME = AccentColor;
				CODE_SIGN_STYLE = Automatic;
				INFOPLIST_FILE = Parstagram/Info.plist;
				LD_RUNPATH_SEARCH_PATHS = (
					"$(inherited)",
					"@executable_path/Frameworks",
				);
				PRODUCT_BUNDLE_IDENTIFIER = ethanwong.Parstagram;
				PRODUCT_NAME = "$(TARGET_NAME)";
				SWIFT_VERSION = 5.0;
				TARGETED_DEVICE_FAMILY = "1,2";
			};
			name = Debug;
		};
		6B6AE2E62643819C0033FED1 /* Release */ = {
			isa = XCBuildConfiguration;
			baseConfigurationReference = 168C6B8CF2C9C2EF008A5CFC /* Pods-Parstagram.release.xcconfig */;
			buildSettings = {
				ASSETCATALOG_COMPILER_APPICON_NAME = AppIcon;
				ASSETCATALOG_COMPILER_GLOBAL_ACCENT_COLOR_NAME = AccentColor;
				CODE_SIGN_STYLE = Automatic;
				INFOPLIST_FILE = Parstagram/Info.plist;
				LD_RUNPATH_SEARCH_PATHS = (
					"$(inherited)",
					"@executable_path/Frameworks",
				);
				PRODUCT_BUNDLE_IDENTIFIER = ethanwong.Parstagram;
				PRODUCT_NAME = "$(TARGET_NAME)";
				SWIFT_VERSION = 5.0;
				TARGETED_DEVICE_FAMILY = "1,2";
			};
			name = Release;
		};
		6B6AE2E82643819C0033FED1 /* Debug */ = {
			isa = XCBuildConfiguration;
			baseConfigurationReference = 8598CEA235E9B38044C5B2BA /* Pods-ParstagramTests.debug.xcconfig */;
			buildSettings = {
				ALWAYS_EMBED_SWIFT_STANDARD_LIBRARIES = YES;
				BUNDLE_LOADER = "$(TEST_HOST)";
				CODE_SIGN_STYLE = Automatic;
				INFOPLIST_FILE = ParstagramTests/Info.plist;
				IPHONEOS_DEPLOYMENT_TARGET = 14.5;
				LD_RUNPATH_SEARCH_PATHS = (
					"$(inherited)",
					"@executable_path/Frameworks",
					"@loader_path/Frameworks",
				);
				PRODUCT_BUNDLE_IDENTIFIER = ethanwong.ParstagramTests;
				PRODUCT_NAME = "$(TARGET_NAME)";
				SWIFT_VERSION = 5.0;
				TARGETED_DEVICE_FAMILY = "1,2";
				TEST_HOST = "$(BUILT_PRODUCTS_DIR)/Parstagram.app/Parstagram";
			};
			name = Debug;
		};
		6B6AE2E92643819C0033FED1 /* Release */ = {
			isa = XCBuildConfiguration;
			baseConfigurationReference = 56572262631F4A73399B314A /* Pods-ParstagramTests.release.xcconfig */;
			buildSettings = {
				ALWAYS_EMBED_SWIFT_STANDARD_LIBRARIES = YES;
				BUNDLE_LOADER = "$(TEST_HOST)";
				CODE_SIGN_STYLE = Automatic;
				INFOPLIST_FILE = ParstagramTests/Info.plist;
				IPHONEOS_DEPLOYMENT_TARGET = 14.5;
				LD_RUNPATH_SEARCH_PATHS = (
					"$(inherited)",
					"@executable_path/Frameworks",
					"@loader_path/Frameworks",
				);
				PRODUCT_BUNDLE_IDENTIFIER = ethanwong.ParstagramTests;
				PRODUCT_NAME = "$(TARGET_NAME)";
				SWIFT_VERSION = 5.0;
				TARGETED_DEVICE_FAMILY = "1,2";
				TEST_HOST = "$(BUILT_PRODUCTS_DIR)/Parstagram.app/Parstagram";
			};
			name = Release;
		};
		6B6AE2EB2643819C0033FED1 /* Debug */ = {
			isa = XCBuildConfiguration;
			baseConfigurationReference = 60CB5E9B4EF5D798F4BEB165 /* Pods-Parstagram-ParstagramUITests.debug.xcconfig */;
			buildSettings = {
				ALWAYS_EMBED_SWIFT_STANDARD_LIBRARIES = YES;
				CODE_SIGN_STYLE = Automatic;
				INFOPLIST_FILE = ParstagramUITests/Info.plist;
				LD_RUNPATH_SEARCH_PATHS = (
					"$(inherited)",
					"@executable_path/Frameworks",
					"@loader_path/Frameworks",
				);
				PRODUCT_BUNDLE_IDENTIFIER = ethanwong.ParstagramUITests;
				PRODUCT_NAME = "$(TARGET_NAME)";
				SWIFT_VERSION = 5.0;
				TARGETED_DEVICE_FAMILY = "1,2";
				TEST_TARGET_NAME = Parstagram;
			};
			name = Debug;
		};
		6B6AE2EC2643819C0033FED1 /* Release */ = {
			isa = XCBuildConfiguration;
			baseConfigurationReference = 5A4727EBC658B774B2BF42A2 /* Pods-Parstagram-ParstagramUITests.release.xcconfig */;
			buildSettings = {
				ALWAYS_EMBED_SWIFT_STANDARD_LIBRARIES = YES;
				CODE_SIGN_STYLE = Automatic;
				INFOPLIST_FILE = ParstagramUITests/Info.plist;
				LD_RUNPATH_SEARCH_PATHS = (
					"$(inherited)",
					"@executable_path/Frameworks",
					"@loader_path/Frameworks",
				);
				PRODUCT_BUNDLE_IDENTIFIER = ethanwong.ParstagramUITests;
				PRODUCT_NAME = "$(TARGET_NAME)";
				SWIFT_VERSION = 5.0;
				TARGETED_DEVICE_FAMILY = "1,2";
				TEST_TARGET_NAME = Parstagram;
			};
			name = Release;
		};
/* End XCBuildConfiguration section */

/* Begin XCConfigurationList section */
		6B6AE2B5264381990033FED1 /* Build configuration list for PBXProject "Parstagram" */ = {
			isa = XCConfigurationList;
			buildConfigurations = (
				6B6AE2E22643819C0033FED1 /* Debug */,
				6B6AE2E32643819C0033FED1 /* Release */,
			);
			defaultConfigurationIsVisible = 0;
			defaultConfigurationName = Release;
		};
		6B6AE2E42643819C0033FED1 /* Build configuration list for PBXNativeTarget "Parstagram" */ = {
			isa = XCConfigurationList;
			buildConfigurations = (
				6B6AE2E52643819C0033FED1 /* Debug */,
				6B6AE2E62643819C0033FED1 /* Release */,
			);
			defaultConfigurationIsVisible = 0;
			defaultConfigurationName = Release;
		};
		6B6AE2E72643819C0033FED1 /* Build configuration list for PBXNativeTarget "ParstagramTests" */ = {
			isa = XCConfigurationList;
			buildConfigurations = (
				6B6AE2E82643819C0033FED1 /* Debug */,
				6B6AE2E92643819C0033FED1 /* Release */,
			);
			defaultConfigurationIsVisible = 0;
			defaultConfigurationName = Release;
		};
		6B6AE2EA2643819C0033FED1 /* Build configuration list for PBXNativeTarget "ParstagramUITests" */ = {
			isa = XCConfigurationList;
			buildConfigurations = (
				6B6AE2EB2643819C0033FED1 /* Debug */,
				6B6AE2EC2643819C0033FED1 /* Release */,
			);
			defaultConfigurationIsVisible = 0;
			defaultConfigurationName = Release;
		};
/* End XCConfigurationList section */
	};
	rootObject = 6B6AE2B2264381990033FED1 /* Project object */;
}
